PODS:
  - device_info (0.0.1):
    - Flutter
  - Flutter (1.0.0)
  - Masonry (1.1.0)
  - ReactiveCocoa (2.5):
    - ReactiveCocoa/UI (= 2.5)
  - ReactiveCocoa/Core (2.5):
    - ReactiveCocoa/no-arc
  - ReactiveCocoa/no-arc (2.5)
  - ReactiveCocoa/UI (2.5):
    - ReactiveCocoa/Core
  - shared_preferences_foundation (0.0.1):
    - Flutter
    - FlutterMacOS
  - YYCategories (1.0.4):
    - YYCategories/no-arc (= 1.0.4)
  - YYCategories/no-arc (1.0.4)
  - YYModel (1.0.4)

DEPENDENCIES:
  - device_info (from `.symlinks/plugins/device_info/ios`)
  - Flutter (from `Flutter`)
  - Masonry (~> 1.1.0)
  - ReactiveCocoa (= 2.5)
  - shared_preferences_foundation (from `.symlinks/plugins/shared_preferences_foundation/ios`)
  - YYCategories (~> 1.0.4)
  - YYModel (~> 1.0.4)

SPEC REPOS:
  trunk:
    - Masonry
    - ReactiveCocoa
    - YYCategories
    - YYModel

EXTERNAL SOURCES:
  device_info:
    :path: ".symlinks/plugins/device_info/ios"
  Flutter:
    :path: Flutter
  shared_preferences_foundation:
    :path: ".symlinks/plugins/shared_preferences_foundation/ios"

SPEC CHECKSUMS:
  device_info: d7d233b645a32c40dfdc212de5cf646ca482f175
  Flutter: 50d75fe2f02b26cc09d224853bb45737f8b3214a
  Masonry: 678fab65091a9290e40e2832a55e7ab731aad201
  ReactiveCocoa: e2db045570aa97c695e7aa97c2bcab222ae51f4a
  shared_preferences_foundation: 297b3ebca31b34ec92be11acd7fb0ba932c822ca
  YYCategories: 6bcd4314c6661a561410dce4a793379ebd306abd
  YYModel: 2a7fdd96aaa4b86a824e26d0c517de8928c04b30

PODFILE CHECKSUM: 2e8bb0b24c605e065014d745ec19f8d34557d0df

COCOAPODS: 1.12.1
